
Microsoft Visual Studio Solution File, Format Version 12.00
# Visual Studio Version 17
VisualStudioVersion = 17.1.32407.343
MinimumVisualStudioVersion = 10.0.40219.1
Project("{FAE04EC0-301F-11D3-BF4B-00C04F79EFBC}") = "DecomposeAPositiveInteger", "DecomposeAPositiveInteger\DecomposeAPositiveInteger.csproj", "{EDDD8373-CCA8-40FD-8000-5BA03CC8A012}"
EndProject
Global
	GlobalSection(SolutionConfigurationPlatforms) = preSolution
		Debug|Any CPU = Debug|Any CPU
		Release|Any CPU = Release|Any CPU
	EndGlobalSection
	GlobalSection(ProjectConfigurationPlatforms) = postSolution
		{EDDD8373-CCA8-40FD-8000-5BA03CC8A012}.Debug|Any CPU.ActiveCfg = Debug|Any CPU
		{EDDD8373-CCA8-40FD-8000-5BA03CC8A012}.Debug|Any CPU.Build.0 = Debug|Any CPU
		{EDDD8373-CCA8-40FD-8000-5BA03CC8A012}.Release|Any CPU.ActiveCfg = Release|Any CPU
		{EDDD8373-CCA8-40FD-8000-5BA03CC8A012}.Release|Any CPU.Build.0 = Release|Any CPU
	EndGlobalSection
	GlobalSection(SolutionProperties) = preSolution
		HideSolutionNode = FALSE
	EndGlobalSection
	GlobalSection(ExtensibilityGlobals) = postSolution
		SolutionGuid = {C8630669-33EA-4FDB-A851-0815D1623790}
	EndGlobalSection
EndGlobal
